<?xml version="1.0" encoding="utf-8"?>
<Project ToolsVersion="4.0" xmlns="http://schemas.microsoft.com/developer/msbuild/2003">
  <ItemGroup>
    <Filter Include="Source Files">
      <UniqueIdentifier>{4FC737F1-C7A5-4376-A066-2A32D752A2FF}</UniqueIdentifier>
      <Extensions>cpp;c;cc;cxx;def;odl;idl;hpj;bat;asm;asmx</Extensions>
    </Filter>
    <Filter Include="Header Files">
      <UniqueIdentifier>{93995380-89BD-4b04-88EB-625FBE52EBFB}</UniqueIdentifier>
      <Extensions>h;hpp;hxx;hm;inl;inc;xsd</Extensions>
    </Filter>
  </ItemGroup>
  <ItemGroup>
    <ClInclude Include="CElementPosition.h">
      <Filter>Header Files</Filter>
    </ClInclude>
    <ClInclude Include="CCodeUnit.h">
      <Filter>Header Files</Filter>
    </ClInclude>
    <ClInclude Include="CCodeUnitsCollection.h">
      <Filter>Header Files</Filter>
    </ClInclude>
    <ClInclude Include="CCodeFragment.h">
      <Filter>Header Files</Filter>
    </ClInclude>
    <ClInclude Include="CSourceFileID.h">
      <Filter>Header Files</Filter>
    </ClInclude>
    <ClInclude Include="CTokenizeResult.h">
      <Filter>Header Files</Filter>
    </ClInclude>
    <ClInclude Include="ILanguageExtension.h">
      <Filter>Header Files</Filter>
    </ClInclude>
    <ClInclude Include="CExtensionFactory.h">
      <Filter>Header Files</Filter>
    </ClInclude>
  </ItemGroup>
  <ItemGroup>
    <ClCompile Include="CElementPosition.cpp">
      <Filter>Source Files</Filter>
    </ClCompile>
    <ClCompile Include="CCodeUnit.cpp">
      <Filter>Source Files</Filter>
    </ClCompile>
    <ClCompile Include="CCodeUnitsCollection.cpp">
      <Filter>Source Files</Filter>
    </ClCompile>
    <ClCompile Include="CCodeFragment.cpp">
      <Filter>Source Files</Filter>
    </ClCompile>
    <ClCompile Include="CSourceFileID.cpp">
      <Filter>Source Files</Filter>
    </ClCompile>
    <ClCompile Include="CTokenizeResult.cpp">
      <Filter>Source Files</Filter>
    </ClCompile>
    <ClCompile Include="CExtensionFactory.cpp">
      <Filter>Source Files</Filter>
    </ClCompile>
  </ItemGroup>
</Project>